
Microsoft Visual Studio Solution File, Format Version 12.00
# Visual Studio Version 16
VisualStudioVersion = 16.0.32002.261
MinimumVisualStudioVersion = 10.0.40219.1
Project("{FAE04EC0-301F-11D3-BF4B-00C04F79EFBC}") = "22", "22\22.csproj", "{E1760A92-BAC1-44D6-9E5C-E0EE266BEF20}"
EndProject
Global
	GlobalSection(SolutionConfigurationPlatforms) = preSolution
		Debug|Any CPU = Debug|Any CPU
		Release|Any CPU = Release|Any CPU
	EndGlobalSection
	GlobalSection(ProjectConfigurationPlatforms) = postSolution
		{E1760A92-BAC1-44D6-9E5C-E0EE266BEF20}.Debug|Any CPU.ActiveCfg = Debug|Any CPU
		{E1760A92-BAC1-44D6-9E5C-E0EE266BEF20}.Debug|Any CPU.Build.0 = Debug|Any CPU
		{E1760A92-BAC1-44D6-9E5C-E0EE266BEF20}.Release|Any CPU.ActiveCfg = Release|Any CPU
		{E1760A92-BAC1-44D6-9E5C-E0EE266BEF20}.Release|Any CPU.Build.0 = Release|Any CPU
	EndGlobalSection
	GlobalSection(SolutionProperties) = preSolution
		HideSolutionNode = FALSE
	EndGlobalSection
	GlobalSection(ExtensibilityGlobals) = postSolution
		SolutionGuid = {2FB234A9-911E-4B3E-9A23-7E10666055C0}
	EndGlobalSection
EndGlobal
