
Microsoft Visual Studio Solution File, Format Version 12.00
# Visual Studio Version 16
VisualStudioVersion = 16.0.32002.261
MinimumVisualStudioVersion = 10.0.40219.1
Project("{FAE04EC0-301F-11D3-BF4B-00C04F79EFBC}") = "36", "36\36.csproj", "{08CD55F2-8AB8-412F-B682-1B86D71573D2}"
EndProject
Global
	GlobalSection(SolutionConfigurationPlatforms) = preSolution
		Debug|Any CPU = Debug|Any CPU
		Release|Any CPU = Release|Any CPU
	EndGlobalSection
	GlobalSection(ProjectConfigurationPlatforms) = postSolution
		{08CD55F2-8AB8-412F-B682-1B86D71573D2}.Debug|Any CPU.ActiveCfg = Debug|Any CPU
		{08CD55F2-8AB8-412F-B682-1B86D71573D2}.Debug|Any CPU.Build.0 = Debug|Any CPU
		{08CD55F2-8AB8-412F-B682-1B86D71573D2}.Release|Any CPU.ActiveCfg = Release|Any CPU
		{08CD55F2-8AB8-412F-B682-1B86D71573D2}.Release|Any CPU.Build.0 = Release|Any CPU
	EndGlobalSection
	GlobalSection(SolutionProperties) = preSolution
		HideSolutionNode = FALSE
	EndGlobalSection
	GlobalSection(ExtensibilityGlobals) = postSolution
		SolutionGuid = {FD5FC625-2081-4457-B7DE-CAA75DFD8A75}
	EndGlobalSection
EndGlobal
