
Microsoft Visual Studio Solution File, Format Version 12.00
# Visual Studio Version 16
VisualStudioVersion = 16.0.32002.261
MinimumVisualStudioVersion = 10.0.40219.1
Project("{FAE04EC0-301F-11D3-BF4B-00C04F79EFBC}") = "104", "104\104.csproj", "{80C0CB6C-FFF2-4270-B122-47926C3E1907}"
EndProject
Global
	GlobalSection(SolutionConfigurationPlatforms) = preSolution
		Debug|Any CPU = Debug|Any CPU
		Release|Any CPU = Release|Any CPU
	EndGlobalSection
	GlobalSection(ProjectConfigurationPlatforms) = postSolution
		{80C0CB6C-FFF2-4270-B122-47926C3E1907}.Debug|Any CPU.ActiveCfg = Debug|Any CPU
		{80C0CB6C-FFF2-4270-B122-47926C3E1907}.Debug|Any CPU.Build.0 = Debug|Any CPU
		{80C0CB6C-FFF2-4270-B122-47926C3E1907}.Release|Any CPU.ActiveCfg = Release|Any CPU
		{80C0CB6C-FFF2-4270-B122-47926C3E1907}.Release|Any CPU.Build.0 = Release|Any CPU
	EndGlobalSection
	GlobalSection(SolutionProperties) = preSolution
		HideSolutionNode = FALSE
	EndGlobalSection
	GlobalSection(ExtensibilityGlobals) = postSolution
		SolutionGuid = {D8C556C8-C01A-4723-A64A-19E05CAD11D8}
	EndGlobalSection
EndGlobal
