
Microsoft Visual Studio Solution File, Format Version 12.00
# Visual Studio Version 16
VisualStudioVersion = 16.0.32002.261
MinimumVisualStudioVersion = 10.0.40219.1
Project("{FAE04EC0-301F-11D3-BF4B-00C04F79EFBC}") = "53", "53\53.csproj", "{116691A9-8930-44A2-AD01-04004C470ED3}"
EndProject
Global
	GlobalSection(SolutionConfigurationPlatforms) = preSolution
		Debug|Any CPU = Debug|Any CPU
		Release|Any CPU = Release|Any CPU
	EndGlobalSection
	GlobalSection(ProjectConfigurationPlatforms) = postSolution
		{116691A9-8930-44A2-AD01-04004C470ED3}.Debug|Any CPU.ActiveCfg = Debug|Any CPU
		{116691A9-8930-44A2-AD01-04004C470ED3}.Debug|Any CPU.Build.0 = Debug|Any CPU
		{116691A9-8930-44A2-AD01-04004C470ED3}.Release|Any CPU.ActiveCfg = Release|Any CPU
		{116691A9-8930-44A2-AD01-04004C470ED3}.Release|Any CPU.Build.0 = Release|Any CPU
	EndGlobalSection
	GlobalSection(SolutionProperties) = preSolution
		HideSolutionNode = FALSE
	EndGlobalSection
	GlobalSection(ExtensibilityGlobals) = postSolution
		SolutionGuid = {74F6E6B2-10A9-4322-A620-E40777E5FFF1}
	EndGlobalSection
EndGlobal
