
Microsoft Visual Studio Solution File, Format Version 12.00
# Visual Studio Version 16
VisualStudioVersion = 16.0.32002.261
MinimumVisualStudioVersion = 10.0.40219.1
Project("{FAE04EC0-301F-11D3-BF4B-00C04F79EFBC}") = "28", "28\28.csproj", "{BFD1F7FF-6CC0-4DB4-9835-390CEA19F672}"
EndProject
Global
	GlobalSection(SolutionConfigurationPlatforms) = preSolution
		Debug|Any CPU = Debug|Any CPU
		Release|Any CPU = Release|Any CPU
	EndGlobalSection
	GlobalSection(ProjectConfigurationPlatforms) = postSolution
		{BFD1F7FF-6CC0-4DB4-9835-390CEA19F672}.Debug|Any CPU.ActiveCfg = Debug|Any CPU
		{BFD1F7FF-6CC0-4DB4-9835-390CEA19F672}.Debug|Any CPU.Build.0 = Debug|Any CPU
		{BFD1F7FF-6CC0-4DB4-9835-390CEA19F672}.Release|Any CPU.ActiveCfg = Release|Any CPU
		{BFD1F7FF-6CC0-4DB4-9835-390CEA19F672}.Release|Any CPU.Build.0 = Release|Any CPU
	EndGlobalSection
	GlobalSection(SolutionProperties) = preSolution
		HideSolutionNode = FALSE
	EndGlobalSection
	GlobalSection(ExtensibilityGlobals) = postSolution
		SolutionGuid = {C443665B-0080-4B52-B33E-ADCEEB8553DB}
	EndGlobalSection
EndGlobal
