
Microsoft Visual Studio Solution File, Format Version 12.00
# Visual Studio Version 16
VisualStudioVersion = 16.0.32002.261
MinimumVisualStudioVersion = 10.0.40219.1
Project("{FAE04EC0-301F-11D3-BF4B-00C04F79EFBC}") = "33", "33\33.csproj", "{03960DDC-AEF8-44CF-B826-CB1652F89080}"
EndProject
Global
	GlobalSection(SolutionConfigurationPlatforms) = preSolution
		Debug|Any CPU = Debug|Any CPU
		Release|Any CPU = Release|Any CPU
	EndGlobalSection
	GlobalSection(ProjectConfigurationPlatforms) = postSolution
		{03960DDC-AEF8-44CF-B826-CB1652F89080}.Debug|Any CPU.ActiveCfg = Debug|Any CPU
		{03960DDC-AEF8-44CF-B826-CB1652F89080}.Debug|Any CPU.Build.0 = Debug|Any CPU
		{03960DDC-AEF8-44CF-B826-CB1652F89080}.Release|Any CPU.ActiveCfg = Release|Any CPU
		{03960DDC-AEF8-44CF-B826-CB1652F89080}.Release|Any CPU.Build.0 = Release|Any CPU
	EndGlobalSection
	GlobalSection(SolutionProperties) = preSolution
		HideSolutionNode = FALSE
	EndGlobalSection
	GlobalSection(ExtensibilityGlobals) = postSolution
		SolutionGuid = {7551418E-2EE8-4B63-B47D-86A4D810D76C}
	EndGlobalSection
EndGlobal
