
Microsoft Visual Studio Solution File, Format Version 12.00
# Visual Studio Version 16
VisualStudioVersion = 16.0.31605.320
MinimumVisualStudioVersion = 10.0.40219.1
Project("{9A19103F-16F7-4668-BE54-9A1E7A4F7556}") = "02", "02\02.csproj", "{60E931F0-9935-435C-BF17-F022C5E8488E}"
EndProject
Project("{9A19103F-16F7-4668-BE54-9A1E7A4F7556}") = "03", "03\03.csproj", "{FA3400B7-B0A3-4B71-99E4-996DE79A3EF3}"
EndProject
Project("{9A19103F-16F7-4668-BE54-9A1E7A4F7556}") = "04", "04\04.csproj", "{6F1EF5AE-BCD4-4CC0-AE63-6E9DE65568BB}"
EndProject
Project("{FAE04EC0-301F-11D3-BF4B-00C04F79EFBC}") = "05", "05\05.csproj", "{4FA90E42-AEC7-4ABD-B019-E28AC76CCDCD}"
EndProject
Global
	GlobalSection(SolutionConfigurationPlatforms) = preSolution
		Debug|Any CPU = Debug|Any CPU
		Release|Any CPU = Release|Any CPU
	EndGlobalSection
	GlobalSection(ProjectConfigurationPlatforms) = postSolution
		{60E931F0-9935-435C-BF17-F022C5E8488E}.Debug|Any CPU.ActiveCfg = Debug|Any CPU
		{60E931F0-9935-435C-BF17-F022C5E8488E}.Debug|Any CPU.Build.0 = Debug|Any CPU
		{60E931F0-9935-435C-BF17-F022C5E8488E}.Release|Any CPU.ActiveCfg = Release|Any CPU
		{60E931F0-9935-435C-BF17-F022C5E8488E}.Release|Any CPU.Build.0 = Release|Any CPU
		{FA3400B7-B0A3-4B71-99E4-996DE79A3EF3}.Debug|Any CPU.ActiveCfg = Debug|Any CPU
		{FA3400B7-B0A3-4B71-99E4-996DE79A3EF3}.Debug|Any CPU.Build.0 = Debug|Any CPU
		{FA3400B7-B0A3-4B71-99E4-996DE79A3EF3}.Release|Any CPU.ActiveCfg = Release|Any CPU
		{FA3400B7-B0A3-4B71-99E4-996DE79A3EF3}.Release|Any CPU.Build.0 = Release|Any CPU
		{6F1EF5AE-BCD4-4CC0-AE63-6E9DE65568BB}.Debug|Any CPU.ActiveCfg = Debug|Any CPU
		{6F1EF5AE-BCD4-4CC0-AE63-6E9DE65568BB}.Debug|Any CPU.Build.0 = Debug|Any CPU
		{6F1EF5AE-BCD4-4CC0-AE63-6E9DE65568BB}.Release|Any CPU.ActiveCfg = Release|Any CPU
		{6F1EF5AE-BCD4-4CC0-AE63-6E9DE65568BB}.Release|Any CPU.Build.0 = Release|Any CPU
		{4FA90E42-AEC7-4ABD-B019-E28AC76CCDCD}.Debug|Any CPU.ActiveCfg = Debug|Any CPU
		{4FA90E42-AEC7-4ABD-B019-E28AC76CCDCD}.Debug|Any CPU.Build.0 = Debug|Any CPU
		{4FA90E42-AEC7-4ABD-B019-E28AC76CCDCD}.Release|Any CPU.ActiveCfg = Release|Any CPU
		{4FA90E42-AEC7-4ABD-B019-E28AC76CCDCD}.Release|Any CPU.Build.0 = Release|Any CPU
	EndGlobalSection
	GlobalSection(SolutionProperties) = preSolution
		HideSolutionNode = FALSE
	EndGlobalSection
	GlobalSection(ExtensibilityGlobals) = postSolution
		SolutionGuid = {5C1F9A40-8E9E-4925-8DD5-9D586E636F31}
	EndGlobalSection
EndGlobal
