
Microsoft Visual Studio Solution File, Format Version 12.00
# Visual Studio Version 16
VisualStudioVersion = 16.0.31605.320
MinimumVisualStudioVersion = 10.0.40219.1
Project("{9A19103F-16F7-4668-BE54-9A1E7A4F7556}") = "01", "01\01.csproj", "{A3E54870-B265-45EF-91BB-3A0D4294147F}"
EndProject
Project("{9A19103F-16F7-4668-BE54-9A1E7A4F7556}") = "08", "08\08.csproj", "{6F5765E8-BF7E-4FA9-BAD9-2BDF34765189}"
EndProject
Project("{9A19103F-16F7-4668-BE54-9A1E7A4F7556}") = "09", "09\09.csproj", "{044C010F-A72E-4879-8471-4098723B32E1}"
EndProject
Project("{9A19103F-16F7-4668-BE54-9A1E7A4F7556}") = "10", "10\10.csproj", "{AAEB7FF5-C091-4181-95AB-B56571B2038B}"
EndProject
Global
	GlobalSection(SolutionConfigurationPlatforms) = preSolution
		Debug|Any CPU = Debug|Any CPU
		Release|Any CPU = Release|Any CPU
	EndGlobalSection
	GlobalSection(ProjectConfigurationPlatforms) = postSolution
		{A3E54870-B265-45EF-91BB-3A0D4294147F}.Debug|Any CPU.ActiveCfg = Debug|Any CPU
		{A3E54870-B265-45EF-91BB-3A0D4294147F}.Debug|Any CPU.Build.0 = Debug|Any CPU
		{A3E54870-B265-45EF-91BB-3A0D4294147F}.Release|Any CPU.ActiveCfg = Release|Any CPU
		{A3E54870-B265-45EF-91BB-3A0D4294147F}.Release|Any CPU.Build.0 = Release|Any CPU
		{6F5765E8-BF7E-4FA9-BAD9-2BDF34765189}.Debug|Any CPU.ActiveCfg = Debug|Any CPU
		{6F5765E8-BF7E-4FA9-BAD9-2BDF34765189}.Debug|Any CPU.Build.0 = Debug|Any CPU
		{6F5765E8-BF7E-4FA9-BAD9-2BDF34765189}.Release|Any CPU.ActiveCfg = Release|Any CPU
		{6F5765E8-BF7E-4FA9-BAD9-2BDF34765189}.Release|Any CPU.Build.0 = Release|Any CPU
		{044C010F-A72E-4879-8471-4098723B32E1}.Debug|Any CPU.ActiveCfg = Debug|Any CPU
		{044C010F-A72E-4879-8471-4098723B32E1}.Debug|Any CPU.Build.0 = Debug|Any CPU
		{044C010F-A72E-4879-8471-4098723B32E1}.Release|Any CPU.ActiveCfg = Release|Any CPU
		{044C010F-A72E-4879-8471-4098723B32E1}.Release|Any CPU.Build.0 = Release|Any CPU
		{AAEB7FF5-C091-4181-95AB-B56571B2038B}.Debug|Any CPU.ActiveCfg = Debug|Any CPU
		{AAEB7FF5-C091-4181-95AB-B56571B2038B}.Debug|Any CPU.Build.0 = Debug|Any CPU
		{AAEB7FF5-C091-4181-95AB-B56571B2038B}.Release|Any CPU.ActiveCfg = Release|Any CPU
		{AAEB7FF5-C091-4181-95AB-B56571B2038B}.Release|Any CPU.Build.0 = Release|Any CPU
	EndGlobalSection
	GlobalSection(SolutionProperties) = preSolution
		HideSolutionNode = FALSE
	EndGlobalSection
	GlobalSection(ExtensibilityGlobals) = postSolution
		SolutionGuid = {5C1F9A40-8E9E-4925-8DD5-9D586E636F31}
	EndGlobalSection
EndGlobal
