
Microsoft Visual Studio Solution File, Format Version 12.00
# Visual Studio Version 16
VisualStudioVersion = 16.0.32002.261
MinimumVisualStudioVersion = 10.0.40219.1
Project("{FAE04EC0-301F-11D3-BF4B-00C04F79EFBC}") = "52", "52\52.csproj", "{A66ED466-E571-423C-99B9-0143F13AFD7F}"
EndProject
Global
	GlobalSection(SolutionConfigurationPlatforms) = preSolution
		Debug|Any CPU = Debug|Any CPU
		Release|Any CPU = Release|Any CPU
	EndGlobalSection
	GlobalSection(ProjectConfigurationPlatforms) = postSolution
		{A66ED466-E571-423C-99B9-0143F13AFD7F}.Debug|Any CPU.ActiveCfg = Debug|Any CPU
		{A66ED466-E571-423C-99B9-0143F13AFD7F}.Debug|Any CPU.Build.0 = Debug|Any CPU
		{A66ED466-E571-423C-99B9-0143F13AFD7F}.Release|Any CPU.ActiveCfg = Release|Any CPU
		{A66ED466-E571-423C-99B9-0143F13AFD7F}.Release|Any CPU.Build.0 = Release|Any CPU
	EndGlobalSection
	GlobalSection(SolutionProperties) = preSolution
		HideSolutionNode = FALSE
	EndGlobalSection
	GlobalSection(ExtensibilityGlobals) = postSolution
		SolutionGuid = {D79DE5E4-F420-484F-AB36-DC8E80598FB7}
	EndGlobalSection
EndGlobal
