
Microsoft Visual Studio Solution File, Format Version 12.00
# Visual Studio Version 16
VisualStudioVersion = 16.0.32002.261
MinimumVisualStudioVersion = 10.0.40219.1
Project("{FAE04EC0-301F-11D3-BF4B-00C04F79EFBC}") = "38", "38\38.csproj", "{09AB8C7C-5544-4B96-A088-4AF20D558D30}"
EndProject
Global
	GlobalSection(SolutionConfigurationPlatforms) = preSolution
		Debug|Any CPU = Debug|Any CPU
		Release|Any CPU = Release|Any CPU
	EndGlobalSection
	GlobalSection(ProjectConfigurationPlatforms) = postSolution
		{09AB8C7C-5544-4B96-A088-4AF20D558D30}.Debug|Any CPU.ActiveCfg = Debug|Any CPU
		{09AB8C7C-5544-4B96-A088-4AF20D558D30}.Debug|Any CPU.Build.0 = Debug|Any CPU
		{09AB8C7C-5544-4B96-A088-4AF20D558D30}.Release|Any CPU.ActiveCfg = Release|Any CPU
		{09AB8C7C-5544-4B96-A088-4AF20D558D30}.Release|Any CPU.Build.0 = Release|Any CPU
	EndGlobalSection
	GlobalSection(SolutionProperties) = preSolution
		HideSolutionNode = FALSE
	EndGlobalSection
	GlobalSection(ExtensibilityGlobals) = postSolution
		SolutionGuid = {2F192AD4-1323-470B-A7ED-E1532038C20F}
	EndGlobalSection
EndGlobal
