
Microsoft Visual Studio Solution File, Format Version 12.00
# Visual Studio Version 16
VisualStudioVersion = 16.0.32002.261
MinimumVisualStudioVersion = 10.0.40219.1
Project("{FAE04EC0-301F-11D3-BF4B-00C04F79EFBC}") = "32", "32\32.csproj", "{2C379EB2-DE57-4DF0-AE37-5A7216228A5C}"
EndProject
Global
	GlobalSection(SolutionConfigurationPlatforms) = preSolution
		Debug|Any CPU = Debug|Any CPU
		Release|Any CPU = Release|Any CPU
	EndGlobalSection
	GlobalSection(ProjectConfigurationPlatforms) = postSolution
		{2C379EB2-DE57-4DF0-AE37-5A7216228A5C}.Debug|Any CPU.ActiveCfg = Debug|Any CPU
		{2C379EB2-DE57-4DF0-AE37-5A7216228A5C}.Debug|Any CPU.Build.0 = Debug|Any CPU
		{2C379EB2-DE57-4DF0-AE37-5A7216228A5C}.Release|Any CPU.ActiveCfg = Release|Any CPU
		{2C379EB2-DE57-4DF0-AE37-5A7216228A5C}.Release|Any CPU.Build.0 = Release|Any CPU
	EndGlobalSection
	GlobalSection(SolutionProperties) = preSolution
		HideSolutionNode = FALSE
	EndGlobalSection
	GlobalSection(ExtensibilityGlobals) = postSolution
		SolutionGuid = {8C4DCAA8-0F39-423C-A5C9-6E497CAC517E}
	EndGlobalSection
EndGlobal
